// !$*UTF8*$!
{
	archiveVersion = 1;
	classes = {
	};
	objectVersion = 48;
	objects = {

/* Begin PBXBuildFile section */
		4D3402831FB14EE0003D7EFB /* CustomNavigationBar.m in Sources */ = {isa = PBXBuildFile; fileRef = 4D3402821FB14EE0003D7EFB /* CustomNavigationBar.m */; };
		4DC3B7C61FB06CE3001DAC30 /* AppDelegate.m in Sources */ = {isa = PBXBuildFile; fileRef = 4DC3B7C51FB06CE3001DAC30 /* AppDelegate.m */; };
		4DC3B7C91FB06CE3001DAC30 /* ViewController.m in Sources */ = {isa = PBXBuildFile; fileRef = 4DC3B7C81FB06CE3001DAC30 /* ViewController.m */; };
		4DC3B7CC1FB06CE3001DAC30 /* Main.storyboard in Resources */ = {isa = PBXBuildFile; fileRef = 4DC3B7CA1FB06CE3001DAC30 /* Main.storyboard */; };
		4DC3B7CE1FB06CE3001DAC30 /* Assets.xcassets in Resources */ = {isa = PBXBuildFile; fileRef = 4DC3B7CD1FB06CE3001DAC30 /* Assets.xcassets */; };
		4DC3B7D11FB06CE3001DAC30 /* LaunchScreen.storyboard in Resources */ = {isa = PBXBuildFile; fileRef = 4DC3B7CF1FB06CE3001DAC30 /* LaunchScreen.storyboard */; };
		4DC3B7D41FB06CE4001DAC30 /* main.m in Sources */ = {isa = PBXBuildFile; fileRef = 4DC3B7D31FB06CE4001DAC30 /* main.m */; };
		4DC3B7DE1FB06CE4001DAC30 /* ___TestTests.m in Sources */ = {isa = PBXBuildFile; fileRef = 4DC3B7DD1FB06CE4001DAC30 /* ___TestTests.m */; };
		4DC3B7E91FB06CE4001DAC30 /* ___TestUITests.m in Sources */ = {isa = PBXBuildFile; fileRef = 4DC3B7E81FB06CE4001DAC30 /* ___TestUITests.m */; };
		4DC3B8031FB06D59001DAC30 /* PYSearch.bundle in Resources */ = {isa = PBXBuildFile; fileRef = 4DC3B7F71FB06D59001DAC30 /* PYSearch.bundle */; };
		4DC3B8041FB06D59001DAC30 /* PYSearchConst.m in Sources */ = {isa = PBXBuildFile; fileRef = 4DC3B7FA1FB06D59001DAC30 /* PYSearchConst.m */; };
		4DC3B8051FB06D59001DAC30 /* PYSearchSuggestionViewController.m in Sources */ = {isa = PBXBuildFile; fileRef = 4DC3B7FC1FB06D59001DAC30 /* PYSearchSuggestionViewController.m */; };
		4DC3B8061FB06D59001DAC30 /* PYSearchViewController.m in Sources */ = {isa = PBXBuildFile; fileRef = 4DC3B7FE1FB06D59001DAC30 /* PYSearchViewController.m */; };
		4DC3B8071FB06D59001DAC30 /* UIColor+PYExtension.m in Sources */ = {isa = PBXBuildFile; fileRef = 4DC3B8001FB06D59001DAC30 /* UIColor+PYExtension.m */; };
		4DC3B8081FB06D59001DAC30 /* UIView+PYExtension.m in Sources */ = {isa = PBXBuildFile; fileRef = 4DC3B8021FB06D59001DAC30 /* UIView+PYExtension.m */; };
		4DC3B80B1FB06EBC001DAC30 /* PYTempViewController.m in Sources */ = {isa = PBXBuildFile; fileRef = 4DC3B80A1FB06EBC001DAC30 /* PYTempViewController.m */; };
/* End PBXBuildFile section */

/* Begin PBXContainerItemProxy section */
		4DC3B7DA1FB06CE4001DAC30 /* PBXContainerItemProxy */ = {
			isa = PBXContainerItemProxy;
			containerPortal = 4DC3B7B91FB06CE2001DAC30 /* Project object */;
			proxyType = 1;
			remoteGlobalIDString = 4DC3B7C01FB06CE3001DAC30;
			remoteInfo = "搜索框Test";
		};
		4DC3B7E51FB06CE4001DAC30 /* PBXContainerItemProxy */ = {
			isa = PBXContainerItemProxy;
			containerPortal = 4DC3B7B91FB06CE2001DAC30 /* Project object */;
			proxyType = 1;
			remoteGlobalIDString = 4DC3B7C01FB06CE3001DAC30;
			remoteInfo = "搜索框Test";
		};
/* End PBXContainerItemProxy section */

/* Begin PBXFileReference section */
		4D3402811FB14EE0003D7EFB /* CustomNavigationBar.h */ = {isa = PBXFileReference; fileEncoding = 4; lastKnownFileType = sourcecode.c.h; path = CustomNavigationBar.h; sourceTree = "<group>"; };
		4D3402821FB14EE0003D7EFB /* CustomNavigationBar.m */ = {isa = PBXFileReference; fileEncoding = 4; lastKnownFileType = sourcecode.c.objc; path = CustomNavigationBar.m; sourceTree = "<group>"; };
		4DC3B7C11FB06CE3001DAC30 /* 搜索框Test.app */ = {isa = PBXFileReference; explicitFileType = wrapper.application; includeInIndex = 0; path = "搜索框Test.app"; sourceTree = BUILT_PRODUCTS_DIR; };
		4DC3B7C41FB06CE3001DAC30 /* AppDelegate.h */ = {isa = PBXFileReference; lastKnownFileType = sourcecode.c.h; path = AppDelegate.h; sourceTree = "<group>"; };
		4DC3B7C51FB06CE3001DAC30 /* AppDelegate.m */ = {isa = PBXFileReference; lastKnownFileType = sourcecode.c.objc; path = AppDelegate.m; sourceTree = "<group>"; };
		4DC3B7C71FB06CE3001DAC30 /* ViewController.h */ = {isa = PBXFileReference; lastKnownFileType = sourcecode.c.h; path = ViewController.h; sourceTree = "<group>"; };
		4DC3B7C81FB06CE3001DAC30 /* ViewController.m */ = {isa = PBXFileReference; lastKnownFileType = sourcecode.c.objc; path = ViewController.m; sourceTree = "<group>"; };
		4DC3B7CB1FB06CE3001DAC30 /* Base */ = {isa = PBXFileReference; lastKnownFileType = file.storyboard; name = Base; path = Base.lproj/Main.storyboard; sourceTree = "<group>"; };
		4DC3B7CD1FB06CE3001DAC30 /* Assets.xcassets */ = {isa = PBXFileReference; lastKnownFileType = folder.assetcatalog; path = Assets.xcassets; sourceTree = "<group>"; };
		4DC3B7D01FB06CE3001DAC30 /* Base */ = {isa = PBXFileReference; lastKnownFileType = file.storyboard; name = Base; path = Base.lproj/LaunchScreen.storyboard; sourceTree = "<group>"; };
		4DC3B7D21FB06CE4001DAC30 /* Info.plist */ = {isa = PBXFileReference; lastKnownFileType = text.plist.xml; path = Info.plist; sourceTree = "<group>"; };
		4DC3B7D31FB06CE4001DAC30 /* main.m */ = {isa = PBXFileReference; lastKnownFileType = sourcecode.c.objc; path = main.m; sourceTree = "<group>"; };
		4DC3B7D91FB06CE4001DAC30 /* 搜索框TestTests.xctest */ = {isa = PBXFileReference; explicitFileType = wrapper.cfbundle; includeInIndex = 0; path = "搜索框TestTests.xctest"; sourceTree = BUILT_PRODUCTS_DIR; };
		4DC3B7DD1FB06CE4001DAC30 /* ___TestTests.m */ = {isa = PBXFileReference; lastKnownFileType = sourcecode.c.objc; path = "___TestTests.m"; sourceTree = "<group>"; };
		4DC3B7DF1FB06CE4001DAC30 /* Info.plist */ = {isa = PBXFileReference; lastKnownFileType = text.plist.xml; path = Info.plist; sourceTree = "<group>"; };
		4DC3B7E41FB06CE4001DAC30 /* 搜索框TestUITests.xctest */ = {isa = PBXFileReference; explicitFileType = wrapper.cfbundle; includeInIndex = 0; path = "搜索框TestUITests.xctest"; sourceTree = BUILT_PRODUCTS_DIR; };
		4DC3B7E81FB06CE4001DAC30 /* ___TestUITests.m */ = {isa = PBXFileReference; lastKnownFileType = sourcecode.c.objc; path = "___TestUITests.m"; sourceTree = "<group>"; };
		4DC3B7EA1FB06CE4001DAC30 /* Info.plist */ = {isa = PBXFileReference; lastKnownFileType = text.plist.xml; path = Info.plist; sourceTree = "<group>"; };
		4DC3B7F71FB06D59001DAC30 /* PYSearch.bundle */ = {isa = PBXFileReference; lastKnownFileType = "wrapper.plug-in"; path = PYSearch.bundle; sourceTree = "<group>"; };
		4DC3B7F81FB06D59001DAC30 /* PYSearch.h */ = {isa = PBXFileReference; fileEncoding = 4; lastKnownFileType = sourcecode.c.h; path = PYSearch.h; sourceTree = "<group>"; };
		4DC3B7F91FB06D59001DAC30 /* PYSearchConst.h */ = {isa = PBXFileReference; fileEncoding = 4; lastKnownFileType = sourcecode.c.h; path = PYSearchConst.h; sourceTree = "<group>"; };
		4DC3B7FA1FB06D59001DAC30 /* PYSearchConst.m */ = {isa = PBXFileReference; fileEncoding = 4; lastKnownFileType = sourcecode.c.objc; path = PYSearchConst.m; sourceTree = "<group>"; };
		4DC3B7FB1FB06D59001DAC30 /* PYSearchSuggestionViewController.h */ = {isa = PBXFileReference; fileEncoding = 4; lastKnownFileType = sourcecode.c.h; path = PYSearchSuggestionViewController.h; sourceTree = "<group>"; };
		4DC3B7FC1FB06D59001DAC30 /* PYSearchSuggestionViewController.m */ = {isa = PBXFileReference; fileEncoding = 4; lastKnownFileType = sourcecode.c.objc; path = PYSearchSuggestionViewController.m; sourceTree = "<group>"; };
		4DC3B7FD1FB06D59001DAC30 /* PYSearchViewController.h */ = {isa = PBXFileReference; fileEncoding = 4; lastKnownFileType = sourcecode.c.h; path = PYSearchViewController.h; sourceTree = "<group>"; };
		4DC3B7FE1FB06D59001DAC30 /* PYSearchViewController.m */ = {isa = PBXFileReference; fileEncoding = 4; lastKnownFileType = sourcecode.c.objc; path = PYSearchViewController.m; sourceTree = "<group>"; };
		4DC3B7FF1FB06D59001DAC30 /* UIColor+PYExtension.h */ = {isa = PBXFileReference; fileEncoding = 4; lastKnownFileType = sourcecode.c.h; path = "UIColor+PYExtension.h"; sourceTree = "<group>"; };
		4DC3B8001FB06D59001DAC30 /* UIColor+PYExtension.m */ = {isa = PBXFileReference; fileEncoding = 4; lastKnownFileType = sourcecode.c.objc; path = "UIColor+PYExtension.m"; sourceTree = "<group>"; };
		4DC3B8011FB06D59001DAC30 /* UIView+PYExtension.h */ = {isa = PBXFileReference; fileEncoding = 4; lastKnownFileType = sourcecode.c.h; path = "UIView+PYExtension.h"; sourceTree = "<group>"; };
		4DC3B8021FB06D59001DAC30 /* UIView+PYExtension.m */ = {isa = PBXFileReference; fileEncoding = 4; lastKnownFileType = sourcecode.c.objc; path = "UIView+PYExtension.m"; sourceTree = "<group>"; };
		4DC3B8091FB06EBC001DAC30 /* PYTempViewController.h */ = {isa = PBXFileReference; fileEncoding = 4; lastKnownFileType = sourcecode.c.h; path = PYTempViewController.h; sourceTree = "<group>"; };
		4DC3B80A1FB06EBC001DAC30 /* PYTempViewController.m */ = {isa = PBXFileReference; fileEncoding = 4; lastKnownFileType = sourcecode.c.objc; path = PYTempViewController.m; sourceTree = "<group>"; };
/* End PBXFileReference section */

/* Begin PBXFrameworksBuildPhase section */
		4DC3B7BE1FB06CE3001DAC30 /* Frameworks */ = {
			isa = PBXFrameworksBuildPhase;
			buildActionMask = 2147483647;
			files = (
			);
			runOnlyForDeploymentPostprocessing = 0;
		};
		4DC3B7D61FB06CE4001DAC30 /* Frameworks */ = {
			isa = PBXFrameworksBuildPhase;
			buildActionMask = 2147483647;
			files = (
			);
			runOnlyForDeploymentPostprocessing = 0;
		};
		4DC3B7E11FB06CE4001DAC30 /* Frameworks */ = {
			isa = PBXFrameworksBuildPhase;
			buildActionMask = 2147483647;
			files = (
			);
			runOnlyForDeploymentPostprocessing = 0;
		};
/* End PBXFrameworksBuildPhase section */

/* Begin PBXGroup section */
		4D3402801FB14EE0003D7EFB /* ThirdParty */ = {
			isa = PBXGroup;
			children = (
				4D3402811FB14EE0003D7EFB /* CustomNavigationBar.h */,
				4D3402821FB14EE0003D7EFB /* CustomNavigationBar.m */,
			);
			path = ThirdParty;
			sourceTree = "<group>";
		};
		4DC3B7B81FB06CE2001DAC30 = {
			isa = PBXGroup;
			children = (
				4DC3B7C31FB06CE3001DAC30 /* 搜索框Test */,
				4DC3B7DC1FB06CE4001DAC30 /* 搜索框TestTests */,
				4DC3B7E71FB06CE4001DAC30 /* 搜索框TestUITests */,
				4DC3B7C21FB06CE3001DAC30 /* Products */,
			);
			sourceTree = "<group>";
		};
		4DC3B7C21FB06CE3001DAC30 /* Products */ = {
			isa = PBXGroup;
			children = (
				4DC3B7C11FB06CE3001DAC30 /* 搜索框Test.app */,
				4DC3B7D91FB06CE4001DAC30 /* 搜索框TestTests.xctest */,
				4DC3B7E41FB06CE4001DAC30 /* 搜索框TestUITests.xctest */,
			);
			name = Products;
			sourceTree = "<group>";
		};
		4DC3B7C31FB06CE3001DAC30 /* 搜索框Test */ = {
			isa = PBXGroup;
			children = (
				4D3402801FB14EE0003D7EFB /* ThirdParty */,
				4DC3B7F61FB06D59001DAC30 /* 搜索 */,
				4DC3B7C41FB06CE3001DAC30 /* AppDelegate.h */,
				4DC3B7C51FB06CE3001DAC30 /* AppDelegate.m */,
				4DC3B7C71FB06CE3001DAC30 /* ViewController.h */,
				4DC3B7C81FB06CE3001DAC30 /* ViewController.m */,
				4DC3B8091FB06EBC001DAC30 /* PYTempViewController.h */,
				4DC3B80A1FB06EBC001DAC30 /* PYTempViewController.m */,
				4DC3B7CA1FB06CE3001DAC30 /* Main.storyboard */,
				4DC3B7CD1FB06CE3001DAC30 /* Assets.xcassets */,
				4DC3B7CF1FB06CE3001DAC30 /* LaunchScreen.storyboard */,
				4DC3B7D21FB06CE4001DAC30 /* Info.plist */,
				4DC3B7D31FB06CE4001DAC30 /* main.m */,
			);
			path = "搜索框Test";
			sourceTree = "<group>";
		};
		4DC3B7DC1FB06CE4001DAC30 /* 搜索框TestTests */ = {
			isa = PBXGroup;
			children = (
				4DC3B7DD1FB06CE4001DAC30 /* ___TestTests.m */,
				4DC3B7DF1FB06CE4001DAC30 /* Info.plist */,
			);
			path = "搜索框TestTests";
			sourceTree = "<group>";
		};
		4DC3B7E71FB06CE4001DAC30 /* 搜索框TestUITests */ = {
			isa = PBXGroup;
			children = (
				4DC3B7E81FB06CE4001DAC30 /* ___TestUITests.m */,
				4DC3B7EA1FB06CE4001DAC30 /* Info.plist */,
			);
			path = "搜索框TestUITests";
			sourceTree = "<group>";
		};
		4DC3B7F61FB06D59001DAC30 /* 搜索 */ = {
			isa = PBXGroup;
			children = (
				4DC3B7F71FB06D59001DAC30 /* PYSearch.bundle */,
				4DC3B7F81FB06D59001DAC30 /* PYSearch.h */,
				4DC3B7F91FB06D59001DAC30 /* PYSearchConst.h */,
				4DC3B7FA1FB06D59001DAC30 /* PYSearchConst.m */,
				4DC3B7FB1FB06D59001DAC30 /* PYSearchSuggestionViewController.h */,
				4DC3B7FC1FB06D59001DAC30 /* PYSearchSuggestionViewController.m */,
				4DC3B7FD1FB06D59001DAC30 /* PYSearchViewController.h */,
				4DC3B7FE1FB06D59001DAC30 /* PYSearchViewController.m */,
				4DC3B7FF1FB06D59001DAC30 /* UIColor+PYExtension.h */,
				4DC3B8001FB06D59001DAC30 /* UIColor+PYExtension.m */,
				4DC3B8011FB06D59001DAC30 /* UIView+PYExtension.h */,
				4DC3B8021FB06D59001DAC30 /* UIView+PYExtension.m */,
			);
			path = "搜索";
			sourceTree = "<group>";
		};
/* End PBXGroup section */

/* Begin PBXNativeTarget section */
		4DC3B7C01FB06CE3001DAC30 /* 搜索框Test */ = {
			isa = PBXNativeTarget;
			buildConfigurationList = 4DC3B7ED1FB06CE4001DAC30 /* Build configuration list for PBXNativeTarget "搜索框Test" */;
			buildPhases = (
				4DC3B7BD1FB06CE3001DAC30 /* Sources */,
				4DC3B7BE1FB06CE3001DAC30 /* Frameworks */,
				4DC3B7BF1FB06CE3001DAC30 /* Resources */,
			);
			buildRules = (
			);
			dependencies = (
			);
			name = "搜索框Test";
			productName = "搜索框Test";
			productReference = 4DC3B7C11FB06CE3001DAC30 /* 搜索框Test.app */;
			productType = "com.apple.product-type.application";
		};
		4DC3B7D81FB06CE4001DAC30 /* 搜索框TestTests */ = {
			isa = PBXNativeTarget;
			buildConfigurationList = 4DC3B7F01FB06CE4001DAC30 /* Build configuration list for PBXNativeTarget "搜索框TestTests" */;
			buildPhases = (
				4DC3B7D51FB06CE4001DAC30 /* Sources */,
				4DC3B7D61FB06CE4001DAC30 /* Frameworks */,
				4DC3B7D71FB06CE4001DAC30 /* Resources */,
			);
			buildRules = (
			);
			dependencies = (
				4DC3B7DB1FB06CE4001DAC30 /* PBXTargetDependency */,
			);
			name = "搜索框TestTests";
			productName = "搜索框TestTests";
			productReference = 4DC3B7D91FB06CE4001DAC30 /* 搜索框TestTests.xctest */;
			productType = "com.apple.product-type.bundle.unit-test";
		};
		4DC3B7E31FB06CE4001DAC30 /* 搜索框TestUITests */ = {
			isa = PBXNativeTarget;
			buildConfigurationList = 4DC3B7F31FB06CE4001DAC30 /* Build configuration list for PBXNativeTarget "搜索框TestUITests" */;
			buildPhases = (
				4DC3B7E01FB06CE4001DAC30 /* Sources */,
				4DC3B7E11FB06CE4001DAC30 /* Frameworks */,
				4DC3B7E21FB06CE4001DAC30 /* Resources */,
			);
			buildRules = (
			);
			dependencies = (
				4DC3B7E61FB06CE4001DAC30 /* PBXTargetDependency */,
			);
			name = "搜索框TestUITests";
			productName = "搜索框TestUITests";
			productReference = 4DC3B7E41FB06CE4001DAC30 /* 搜索框TestUITests.xctest */;
			productType = "com.apple.product-type.bundle.ui-testing";
		};
/* End PBXNativeTarget section */

/* Begin PBXProject section */
		4DC3B7B91FB06CE2001DAC30 /* Project object */ = {
			isa = PBXProject;
			attributes = {
				LastUpgradeCheck = 0900;
				ORGANIZATIONNAME = Nicholas;
				TargetAttributes = {
					4DC3B7C01FB06CE3001DAC30 = {
						CreatedOnToolsVersion = 9.0;
						ProvisioningStyle = Automatic;
					};
					4DC3B7D81FB06CE4001DAC30 = {
						CreatedOnToolsVersion = 9.0;
						ProvisioningStyle = Automatic;
						TestTargetID = 4DC3B7C01FB06CE3001DAC30;
					};
					4DC3B7E31FB06CE4001DAC30 = {
						CreatedOnToolsVersion = 9.0;
						ProvisioningStyle = Automatic;
						TestTargetID = 4DC3B7C01FB06CE3001DAC30;
					};
				};
			};
			buildConfigurationList = 4DC3B7BC1FB06CE2001DAC30 /* Build configuration list for PBXProject "搜索框Test" */;
			compatibilityVersion = "Xcode 8.0";
			developmentRegion = en;
			hasScannedForEncodings = 0;
			knownRegions = (
				en,
				Base,
			);
			mainGroup = 4DC3B7B81FB06CE2001DAC30;
			productRefGroup = 4DC3B7C21FB06CE3001DAC30 /* Products */;
			projectDirPath = "";
			projectRoot = "";
			targets = (
				4DC3B7C01FB06CE3001DAC30 /* 搜索框Test */,
				4DC3B7D81FB06CE4001DAC30 /* 搜索框TestTests */,
				4DC3B7E31FB06CE4001DAC30 /* 搜索框TestUITests */,
			);
		};
/* End PBXProject section */

/* Begin PBXResourcesBuildPhase section */
		4DC3B7BF1FB06CE3001DAC30 /* Resources */ = {
			isa = PBXResourcesBuildPhase;
			buildActionMask = 2147483647;
			files = (
				4DC3B7D11FB06CE3001DAC30 /* LaunchScreen.storyboard in Resources */,
				4DC3B7CE1FB06CE3001DAC30 /* Assets.xcassets in Resources */,
				4DC3B8031FB06D59001DAC30 /* PYSearch.bundle in Resources */,
				4DC3B7CC1FB06CE3001DAC30 /* Main.storyboard in Resources */,
			);
			runOnlyForDeploymentPostprocessing = 0;
		};
		4DC3B7D71FB06CE4001DAC30 /* Resources */ = {
			isa = PBXResourcesBuildPhase;
			buildActionMask = 2147483647;
			files = (
			);
			runOnlyForDeploymentPostprocessing = 0;
		};
		4DC3B7E21FB06CE4001DAC30 /* Resources */ = {
			isa = PBXResourcesBuildPhase;
			buildActionMask = 2147483647;
			files = (
			);
			runOnlyForDeploymentPostprocessing = 0;
		};
/* End PBXResourcesBuildPhase section */

/* Begin PBXSourcesBuildPhase section */
		4DC3B7BD1FB06CE3001DAC30 /* Sources */ = {
			isa = PBXSourcesBuildPhase;
			buildActionMask = 2147483647;
			files = (
				4DC3B8041FB06D59001DAC30 /* PYSearchConst.m in Sources */,
				4DC3B8081FB06D59001DAC30 /* UIView+PYExtension.m in Sources */,
				4D3402831FB14EE0003D7EFB /* CustomNavigationBar.m in Sources */,
				4DC3B7C91FB06CE3001DAC30 /* ViewController.m in Sources */,
				4DC3B8051FB06D59001DAC30 /* PYSearchSuggestionViewController.m in Sources */,
				4DC3B8061FB06D59001DAC30 /* PYSearchViewController.m in Sources */,
				4DC3B80B1FB06EBC001DAC30 /* PYTempViewController.m in Sources */,
				4DC3B7D41FB06CE4001DAC30 /* main.m in Sources */,
				4DC3B8071FB06D59001DAC30 /* UIColor+PYExtension.m in Sources */,
				4DC3B7C61FB06CE3001DAC30 /* AppDelegate.m in Sources */,
			);
			runOnlyForDeploymentPostprocessing = 0;
		};
		4DC3B7D51FB06CE4001DAC30 /* Sources */ = {
			isa = PBXSourcesBuildPhase;
			buildActionMask = 2147483647;
			files = (
				4DC3B7DE1FB06CE4001DAC30 /* ___TestTests.m in Sources */,
			);
			runOnlyForDeploymentPostprocessing = 0;
		};
		4DC3B7E01FB06CE4001DAC30 /* Sources */ = {
			isa = PBXSourcesBuildPhase;
			buildActionMask = 2147483647;
			files = (
				4DC3B7E91FB06CE4001DAC30 /* ___TestUITests.m in Sources */,
			);
			runOnlyForDeploymentPostprocessing = 0;
		};
/* End PBXSourcesBuildPhase section */

/* Begin PBXTargetDependency section */
		4DC3B7DB1FB06CE4001DAC30 /* PBXTargetDependency */ = {
			isa = PBXTargetDependency;
			target = 4DC3B7C01FB06CE3001DAC30 /* 搜索框Test */;
			targetProxy = 4DC3B7DA1FB06CE4001DAC30 /* PBXContainerItemProxy */;
		};
		4DC3B7E61FB06CE4001DAC30 /* PBXTargetDependency */ = {
			isa = PBXTargetDependency;
			target = 4DC3B7C01FB06CE3001DAC30 /* 搜索框Test */;
			targetProxy = 4DC3B7E51FB06CE4001DAC30 /* PBXContainerItemProxy */;
		};
/* End PBXTargetDependency section */

/* Begin PBXVariantGroup section */
		4DC3B7CA1FB06CE3001DAC30 /* Main.storyboard */ = {
			isa = PBXVariantGroup;
			children = (
				4DC3B7CB1FB06CE3001DAC30 /* Base */,
			);
			name = Main.storyboard;
			sourceTree = "<group>";
		};
		4DC3B7CF1FB06CE3001DAC30 /* LaunchScreen.storyboard */ = {
			isa = PBXVariantGroup;
			children = (
				4DC3B7D01FB06CE3001DAC30 /* Base */,
			);
			name = LaunchScreen.storyboard;
			sourceTree = "<group>";
		};
/* End PBXVariantGroup section */

/* Begin XCBuildConfiguration section */
		4DC3B7EB1FB06CE4001DAC30 /* Debug */ = {
			isa = XCBuildConfiguration;
			buildSettings = {
				ALWAYS_SEARCH_USER_PATHS = NO;
				CLANG_ANALYZER_NONNULL = YES;
				CLANG_ANALYZER_NUMBER_OBJECT_CONVERSION = YES_AGGRESSIVE;
				CLANG_CXX_LANGUAGE_STANDARD = "gnu++14";
				CLANG_CXX_LIBRARY = "libc++";
				CLANG_ENABLE_MODULES = YES;
				CLANG_ENABLE_OBJC_ARC = YES;
				CLANG_WARN_BLOCK_CAPTURE_AUTORELEASING = YES;
				CLANG_WARN_BOOL_CONVERSION = YES;
				CLANG_WARN_COMMA = YES;
				CLANG_WARN_CONSTANT_CONVERSION = YES;
				CLANG_WARN_DIRECT_OBJC_ISA_USAGE = YES_ERROR;
				CLANG_WARN_DOCUMENTATION_COMMENTS = YES;
				CLANG_WARN_EMPTY_BODY = YES;
				CLANG_WARN_ENUM_CONVERSION = YES;
				CLANG_WARN_INFINITE_RECURSION = YES;
				CLANG_WARN_INT_CONVERSION = YES;
				CLANG_WARN_NON_LITERAL_NULL_CONVERSION = YES;
				CLANG_WARN_OBJC_LITERAL_CONVERSION = YES;
				CLANG_WARN_OBJC_ROOT_CLASS = YES_ERROR;
				CLANG_WARN_RANGE_LOOP_ANALYSIS = YES;
				CLANG_WARN_STRICT_PROTOTYPES = YES;
				CLANG_WARN_SUSPICIOUS_MOVE = YES;
				CLANG_WARN_UNGUARDED_AVAILABILITY = YES_AGGRESSIVE;
				CLANG_WARN_UNREACHABLE_CODE = YES;
				CLANG_WARN__DUPLICATE_METHOD_MATCH = YES;
				CODE_SIGN_IDENTITY = "iPhone Developer";
				COPY_PHASE_STRIP = NO;
				DEBUG_INFORMATION_FORMAT = dwarf;
				ENABLE_STRICT_OBJC_MSGSEND = YES;
				ENABLE_TESTABILITY = YES;
				GCC_C_LANGUAGE_STANDARD = gnu11;
				GCC_DYNAMIC_NO_PIC = NO;
				GCC_NO_COMMON_BLOCKS = YES;
				GCC_OPTIMIZATION_LEVEL = 0;
				GCC_PREPROCESSOR_DEFINITIONS = (
					"DEBUG=1",
					"$(inherited)",
				);
				GCC_WARN_64_TO_32_BIT_CONVERSION = YES;
				GCC_WARN_ABOUT_RETURN_TYPE = YES_ERROR;
				GCC_WARN_UNDECLARED_SELECTOR = YES;
				GCC_WARN_UNINITIALIZED_AUTOS = YES_AGGRESSIVE;
				GCC_WARN_UNUSED_FUNCTION = YES;
				GCC_WARN_UNUSED_VARIABLE = YES;
				IPHONEOS_DEPLOYMENT_TARGET = 11.0;
				MTL_ENABLE_DEBUG_INFO = YES;
				ONLY_ACTIVE_ARCH = YES;
				SDKROOT = iphoneos;
			};
			name = Debug;
		};
		4DC3B7EC1FB06CE4001DAC30 /* Release */ = {
			isa = XCBuildConfiguration;
			buildSettings = {
				ALWAYS_SEARCH_USER_PATHS = NO;
				CLANG_ANALYZER_NONNULL = YES;
				CLANG_ANALYZER_NUMBER_OBJECT_CONVERSION = YES_AGGRESSIVE;
				CLANG_CXX_LANGUAGE_STANDARD = "gnu++14";
				CLANG_CXX_LIBRARY = "libc++";
				CLANG_ENABLE_MODULES = YES;
				CLANG_ENABLE_OBJC_ARC = YES;
				CLANG_WARN_BLOCK_CAPTURE_AUTORELEASING = YES;
				CLANG_WARN_BOOL_CONVERSION = YES;
				CLANG_WARN_COMMA = YES;
				CLANG_WARN_CONSTANT_CONVERSION = YES;
				CLANG_WARN_DIRECT_OBJC_ISA_USAGE = YES_ERROR;
				CLANG_WARN_DOCUMENTATION_COMMENTS = YES;
				CLANG_WARN_EMPTY_BODY = YES;
				CLANG_WARN_ENUM_CONVERSION = YES;
				CLANG_WARN_INFINITE_RECURSION = YES;
				CLANG_WARN_INT_CONVERSION = YES;
				CLANG_WARN_NON_LITERAL_NULL_CONVERSION = YES;
				CLANG_WARN_OBJC_LITERAL_CONVERSION = YES;
				CLANG_WARN_OBJC_ROOT_CLASS = YES_ERROR;
				CLANG_WARN_RANGE_LOOP_ANALYSIS = YES;
				CLANG_WARN_STRICT_PROTOTYPES = YES;
				CLANG_WARN_SUSPICIOUS_MOVE = YES;
				CLANG_WARN_UNGUARDED_AVAILABILITY = YES_AGGRESSIVE;
				CLANG_WARN_UNREACHABLE_CODE = YES;
				CLANG_WARN__DUPLICATE_METHOD_MATCH = YES;
				CODE_SIGN_IDENTITY = "iPhone Developer";
				COPY_PHASE_STRIP = NO;
				DEBUG_INFORMATION_FORMAT = "dwarf-with-dsym";
				ENABLE_NS_ASSERTIONS = NO;
				ENABLE_STRICT_OBJC_MSGSEND = YES;
				GCC_C_LANGUAGE_STANDARD = gnu11;
				GCC_NO_COMMON_BLOCKS = YES;
				GCC_WARN_64_TO_32_BIT_CONVERSION = YES;
				GCC_WARN_ABOUT_RETURN_TYPE = YES_ERROR;
				GCC_WARN_UNDECLARED_SELECTOR = YES;
				GCC_WARN_UNINITIALIZED_AUTOS = YES_AGGRESSIVE;
				GCC_WARN_UNUSED_FUNCTION = YES;
				GCC_WARN_UNUSED_VARIABLE = YES;
				IPHONEOS_DEPLOYMENT_TARGET = 11.0;
				MTL_ENABLE_DEBUG_INFO = NO;
				SDKROOT = iphoneos;
				VALIDATE_PRODUCT = YES;
			};
			name = Release;
		};
		4DC3B7EE1FB06CE4001DAC30 /* Debug */ = {
			isa = XCBuildConfiguration;
			buildSettings = {
				ASSETCATALOG_COMPILER_APPICON_NAME = AppIcon;
				CODE_SIGN_STYLE = Automatic;
				DEVELOPMENT_TEAM = 5GX4FZ6FLT;
				INFOPLIST_FILE = "搜索框Test/Info.plist";
				LD_RUNPATH_SEARCH_PATHS = "$(inherited) @executable_path/Frameworks";
				PRODUCT_BUNDLE_IDENTIFIER = "com.bojuwang.---Test";
				PRODUCT_NAME = "$(TARGET_NAME)";
				TARGETED_DEVICE_FAMILY = "1,2";
			};
			name = Debug;
		};
		4DC3B7EF1FB06CE4001DAC30 /* Release */ = {
			isa = XCBuildConfiguration;
			buildSettings = {
				ASSETCATALOG_COMPILER_APPICON_NAME = AppIcon;
				CODE_SIGN_STYLE = Automatic;
				DEVELOPMENT_TEAM = 5GX4FZ6FLT;
				INFOPLIST_FILE = "搜索框Test/Info.plist";
				LD_RUNPATH_SEARCH_PATHS = "$(inherited) @executable_path/Frameworks";
				PRODUCT_BUNDLE_IDENTIFIER = "com.bojuwang.---Test";
				PRODUCT_NAME = "$(TARGET_NAME)";
				TARGETED_DEVICE_FAMILY = "1,2";
			};
			name = Release;
		};
		4DC3B7F11FB06CE4001DAC30 /* Debug */ = {
			isa = XCBuildConfiguration;
			buildSettings = {
				BUNDLE_LOADER = "$(TEST_HOST)";
				CODE_SIGN_STYLE = Automatic;
				DEVELOPMENT_TEAM = 5GX4FZ6FLT;
				INFOPLIST_FILE = "搜索框TestTests/Info.plist";
				LD_RUNPATH_SEARCH_PATHS = "$(inherited) @executable_path/Frameworks @loader_path/Frameworks";
				PRODUCT_BUNDLE_IDENTIFIER = "com.bojuwang.---TestTests";
				PRODUCT_NAME = "$(TARGET_NAME)";
				TARGETED_DEVICE_FAMILY = "1,2";
				TEST_HOST = "$(BUILT_PRODUCTS_DIR)/搜索框Test.app/搜索框Test";
			};
			name = Debug;
		};
		4DC3B7F21FB06CE4001DAC30 /* Release */ = {
			isa = XCBuildConfiguration;
			buildSettings = {
				BUNDLE_LOADER = "$(TEST_HOST)";
				CODE_SIGN_STYLE = Automatic;
				DEVELOPMENT_TEAM = 5GX4FZ6FLT;
				INFOPLIST_FILE = "搜索框TestTests/Info.plist";
				LD_RUNPATH_SEARCH_PATHS = "$(inherited) @executable_path/Frameworks @loader_path/Frameworks";
				PRODUCT_BUNDLE_IDENTIFIER = "com.bojuwang.---TestTests";
				PRODUCT_NAME = "$(TARGET_NAME)";
				TARGETED_DEVICE_FAMILY = "1,2";
				TEST_HOST = "$(BUILT_PRODUCTS_DIR)/搜索框Test.app/搜索框Test";
			};
			name = Release;
		};
		4DC3B7F41FB06CE4001DAC30 /* Debug */ = {
			isa = XCBuildConfiguration;
			buildSettings = {
				CODE_SIGN_STYLE = Automatic;
				DEVELOPMENT_TEAM = 5GX4FZ6FLT;
				INFOPLIST_FILE = "搜索框TestUITests/Info.plist";
				LD_RUNPATH_SEARCH_PATHS = "$(inherited) @executable_path/Frameworks @loader_path/Frameworks";
				PRODUCT_BUNDLE_IDENTIFIER = "com.bojuwang.---TestUITests";
				PRODUCT_NAME = "$(TARGET_NAME)";
				TARGETED_DEVICE_FAMILY = "1,2";
				TEST_TARGET_NAME = "搜索框Test";
			};
			name = Debug;
		};
		4DC3B7F51FB06CE4001DAC30 /* Release */ = {
			isa = XCBuildConfiguration;
			buildSettings = {
				CODE_SIGN_STYLE = Automatic;
				DEVELOPMENT_TEAM = 5GX4FZ6FLT;
				INFOPLIST_FILE = "搜索框TestUITests/Info.plist";
				LD_RUNPATH_SEARCH_PATHS = "$(inherited) @executable_path/Frameworks @loader_path/Frameworks";
				PRODUCT_BUNDLE_IDENTIFIER = "com.bojuwang.---TestUITests";
				PRODUCT_NAME = "$(TARGET_NAME)";
				TARGETED_DEVICE_FAMILY = "1,2";
				TEST_TARGET_NAME = "搜索框Test";
			};
			name = Release;
		};
/* End XCBuildConfiguration section */

/* Begin XCConfigurationList section */
		4DC3B7BC1FB06CE2001DAC30 /* Build configuration list for PBXProject "搜索框Test" */ = {
			isa = XCConfigurationList;
			buildConfigurations = (
				4DC3B7EB1FB06CE4001DAC30 /* Debug */,
				4DC3B7EC1FB06CE4001DAC30 /* Release */,
			);
			defaultConfigurationIsVisible = 0;
			defaultConfigurationName = Release;
		};
		4DC3B7ED1FB06CE4001DAC30 /* Build configuration list for PBXNativeTarget "搜索框Test" */ = {
			isa = XCConfigurationList;
			buildConfigurations = (
				4DC3B7EE1FB06CE4001DAC30 /* Debug */,
				4DC3B7EF1FB06CE4001DAC30 /* Release */,
			);
			defaultConfigurationIsVisible = 0;
			defaultConfigurationName = Release;
		};
		4DC3B7F01FB06CE4001DAC30 /* Build configuration list for PBXNativeTarget "搜索框TestTests" */ = {
			isa = XCConfigurationList;
			buildConfigurations = (
				4DC3B7F11FB06CE4001DAC30 /* Debug */,
				4DC3B7F21FB06CE4001DAC30 /* Release */,
			);
			defaultConfigurationIsVisible = 0;
			defaultConfigurationName = Release;
		};
		4DC3B7F31FB06CE4001DAC30 /* Build configuration list for PBXNativeTarget "搜索框TestUITests" */ = {
			isa = XCConfigurationList;
			buildConfigurations = (
				4DC3B7F41FB06CE4001DAC30 /* Debug */,
				4DC3B7F51FB06CE4001DAC30 /* Release */,
			);
			defaultConfigurationIsVisible = 0;
			defaultConfigurationName = Release;
		};
/* End XCConfigurationList section */
	};
	rootObject = 4DC3B7B91FB06CE2001DAC30 /* Project object */;
}
